
Microsoft Visual Studio Solution File, Format Version 12.00
# Visual Studio Version 16
VisualStudioVersion = 16.0.29418.71
MinimumVisualStudioVersion = 10.0.40219.1
Project("{FAE04EC0-301F-11D3-BF4B-00C04F79EFBC}") = "ScopeAndEvent", "ScopeAndEvent\ScopeAndEvent.csproj", "{3948AA00-CE31-47EE-8A72-A1F40920D420}"
EndProject
Global
	GlobalSection(SolutionConfigurationPlatforms) = preSolution
		Debug|Any CPU = Debug|Any CPU
		Release|Any CPU = Release|Any CPU
	EndGlobalSection
	GlobalSection(ProjectConfigurationPlatforms) = postSolution
		{3948AA00-CE31-47EE-8A72-A1F40920D420}.Debug|Any CPU.ActiveCfg = Debug|Any CPU
		{3948AA00-CE31-47EE-8A72-A1F40920D420}.Debug|Any CPU.Build.0 = Debug|Any CPU
		{3948AA00-CE31-47EE-8A72-A1F40920D420}.Release|Any CPU.ActiveCfg = Release|Any CPU
		{3948AA00-CE31-47EE-8A72-A1F40920D420}.Release|Any CPU.Build.0 = Release|Any CPU
	EndGlobalSection
	GlobalSection(SolutionProperties) = preSolution
		HideSolutionNode = FALSE
	EndGlobalSection
	GlobalSection(ExtensibilityGlobals) = postSolution
		SolutionGuid = {5F5EE2FA-01E3-4825-94A9-93A6668FD2F9}
	EndGlobalSection
EndGlobal
